
Microsoft Visual Studio Solution File, Format Version 12.00
# Visual Studio Version 17
VisualStudioVersion = 17.7.34031.279
MinimumVisualStudioVersion = 10.0.40219.1
Project("{FAE04EC0-301F-11D3-BF4B-00C04F79EFBC}") = "Mamba", "Mamba.csproj", "{62B51EA2-9441-462E-8908-E2AF301BA231}"
EndProject
Global
	GlobalSection(SolutionConfigurationPlatforms) = preSolution
		Debug|Any CPU = Debug|Any CPU
		Release|Any CPU = Release|Any CPU
	EndGlobalSection
	GlobalSection(ProjectConfigurationPlatforms) = postSolution
		{62B51EA2-9441-462E-8908-E2AF301BA231}.Debug|Any CPU.ActiveCfg = Debug|Any CPU
		{62B51EA2-9441-462E-8908-E2AF301BA231}.Debug|Any CPU.Build.0 = Debug|Any CPU
		{62B51EA2-9441-462E-8908-E2AF301BA231}.Release|Any CPU.ActiveCfg = Release|Any CPU
		{62B51EA2-9441-462E-8908-E2AF301BA231}.Release|Any CPU.Build.0 = Release|Any CPU
	EndGlobalSection
	GlobalSection(SolutionProperties) = preSolution
		HideSolutionNode = FALSE
	EndGlobalSection
	GlobalSection(ExtensibilityGlobals) = postSolution
		SolutionGuid = {16AB34D8-792F-4CD7-ACF9-7CE33CE43D01}
	EndGlobalSection
EndGlobal
